
Microsoft Visual Studio Solution File, Format Version 12.00
# Visual Studio Version 16
VisualStudioVersion = 16.0.30611.23
MinimumVisualStudioVersion = 10.0.40219.1
Project("{FAE04EC0-301F-11D3-BF4B-00C04F79EFBC}") = "Piano", "Piano\Piano.csproj", "{00FCF894-2567-4D81-BF46-76B59EA5C371}"
EndProject
Project("{FAE04EC0-301F-11D3-BF4B-00C04F79EFBC}") = "Harmony", "Harmony\Harmony.csproj", "{A3FF4884-E1B6-4AC1-B1AC-1E3AAA144658}"
EndProject
Global
	GlobalSection(SolutionConfigurationPlatforms) = preSolution
		Debug|Any CPU = Debug|Any CPU
		Release|Any CPU = Release|Any CPU
	EndGlobalSection
	GlobalSection(ProjectConfigurationPlatforms) = postSolution
		{00FCF894-2567-4D81-BF46-76B59EA5C371}.Debug|Any CPU.ActiveCfg = Debug|Any CPU
		{00FCF894-2567-4D81-BF46-76B59EA5C371}.Debug|Any CPU.Build.0 = Debug|Any CPU
		{00FCF894-2567-4D81-BF46-76B59EA5C371}.Release|Any CPU.ActiveCfg = Release|Any CPU
		{00FCF894-2567-4D81-BF46-76B59EA5C371}.Release|Any CPU.Build.0 = Release|Any CPU
		{A3FF4884-E1B6-4AC1-B1AC-1E3AAA144658}.Debug|Any CPU.ActiveCfg = Debug|Any CPU
		{A3FF4884-E1B6-4AC1-B1AC-1E3AAA144658}.Debug|Any CPU.Build.0 = Debug|Any CPU
		{A3FF4884-E1B6-4AC1-B1AC-1E3AAA144658}.Release|Any CPU.ActiveCfg = Release|Any CPU
		{A3FF4884-E1B6-4AC1-B1AC-1E3AAA144658}.Release|Any CPU.Build.0 = Release|Any CPU
	EndGlobalSection
	GlobalSection(SolutionProperties) = preSolution
		HideSolutionNode = FALSE
	EndGlobalSection
	GlobalSection(ExtensibilityGlobals) = postSolution
		SolutionGuid = {CC165454-8F47-4A76-BBEE-48A86E05CF98}
	EndGlobalSection
EndGlobal
