
Microsoft Visual Studio Solution File, Format Version 12.00
# Visual Studio Version 16
VisualStudioVersion = 16.0.30611.23
MinimumVisualStudioVersion = 10.0.40219.1
Project("{FAE04EC0-301F-11D3-BF4B-00C04F79EFBC}") = "Harmony", "Harmony\Harmony.csproj", "{A3FF4884-E1B6-4AC1-B1AC-1E3AAA144658}"
EndProject
Project("{FAE04EC0-301F-11D3-BF4B-00C04F79EFBC}") = "Harmony.Antlr", "Harmony.Antlr\Harmony.Antlr.csproj", "{D87A9DBE-24AB-487E-904B-8E9B4FCA42B4}"
EndProject
Project("{FAE04EC0-301F-11D3-BF4B-00C04F79EFBC}") = "Harmony.GUI", "Harmony.GUI\Harmony.GUI.csproj", "{00FCF894-2567-4D81-BF46-76B59EA5C371}"
EndProject
Project("{FAE04EC0-301F-11D3-BF4B-00C04F79EFBC}") = "Harmony.Compiler", "Harmony.Compiler\Harmony.Compiler.csproj", "{FA9B3073-D8FD-4F19-945D-77207E1D59A9}"
EndProject
Project("{FAE04EC0-301F-11D3-BF4B-00C04F79EFBC}") = "Harmony.IDE", "Harmony.IDE\Harmony.IDE.csproj", "{D4EF006F-9EA7-4715-92FB-A9F56A39E664}"
EndProject
Global
	GlobalSection(SolutionConfigurationPlatforms) = preSolution
		Debug|Any CPU = Debug|Any CPU
		Release|Any CPU = Release|Any CPU
	EndGlobalSection
	GlobalSection(ProjectConfigurationPlatforms) = postSolution
		{A3FF4884-E1B6-4AC1-B1AC-1E3AAA144658}.Debug|Any CPU.ActiveCfg = Debug|Any CPU
		{A3FF4884-E1B6-4AC1-B1AC-1E3AAA144658}.Debug|Any CPU.Build.0 = Debug|Any CPU
		{A3FF4884-E1B6-4AC1-B1AC-1E3AAA144658}.Release|Any CPU.ActiveCfg = Release|Any CPU
		{A3FF4884-E1B6-4AC1-B1AC-1E3AAA144658}.Release|Any CPU.Build.0 = Release|Any CPU
		{D87A9DBE-24AB-487E-904B-8E9B4FCA42B4}.Debug|Any CPU.ActiveCfg = Debug|Any CPU
		{D87A9DBE-24AB-487E-904B-8E9B4FCA42B4}.Debug|Any CPU.Build.0 = Debug|Any CPU
		{D87A9DBE-24AB-487E-904B-8E9B4FCA42B4}.Release|Any CPU.ActiveCfg = Release|Any CPU
		{D87A9DBE-24AB-487E-904B-8E9B4FCA42B4}.Release|Any CPU.Build.0 = Release|Any CPU
		{00FCF894-2567-4D81-BF46-76B59EA5C371}.Debug|Any CPU.ActiveCfg = Debug|Any CPU
		{00FCF894-2567-4D81-BF46-76B59EA5C371}.Debug|Any CPU.Build.0 = Debug|Any CPU
		{00FCF894-2567-4D81-BF46-76B59EA5C371}.Release|Any CPU.ActiveCfg = Release|Any CPU
		{00FCF894-2567-4D81-BF46-76B59EA5C371}.Release|Any CPU.Build.0 = Release|Any CPU
		{FA9B3073-D8FD-4F19-945D-77207E1D59A9}.Debug|Any CPU.ActiveCfg = Debug|Any CPU
		{FA9B3073-D8FD-4F19-945D-77207E1D59A9}.Debug|Any CPU.Build.0 = Debug|Any CPU
		{FA9B3073-D8FD-4F19-945D-77207E1D59A9}.Release|Any CPU.ActiveCfg = Release|Any CPU
		{FA9B3073-D8FD-4F19-945D-77207E1D59A9}.Release|Any CPU.Build.0 = Release|Any CPU
		{D4EF006F-9EA7-4715-92FB-A9F56A39E664}.Debug|Any CPU.ActiveCfg = Debug|Any CPU
		{D4EF006F-9EA7-4715-92FB-A9F56A39E664}.Debug|Any CPU.Build.0 = Debug|Any CPU
		{D4EF006F-9EA7-4715-92FB-A9F56A39E664}.Release|Any CPU.ActiveCfg = Release|Any CPU
		{D4EF006F-9EA7-4715-92FB-A9F56A39E664}.Release|Any CPU.Build.0 = Release|Any CPU
	EndGlobalSection
	GlobalSection(SolutionProperties) = preSolution
		HideSolutionNode = FALSE
	EndGlobalSection
	GlobalSection(ExtensibilityGlobals) = postSolution
		SolutionGuid = {CC165454-8F47-4A76-BBEE-48A86E05CF98}
	EndGlobalSection
EndGlobal
